charm.land/bubbles/v2 v2.2.1 h1:Fq1+qm5hV6GkvzLQDhCBpXXE5tLgvh1PRriCLwSvIQU=
charm.land/bubbles/v2 v2.2.1/go.mod h1:wdMgn+sje1KNXdwFizIWjbf328fIUBxqEmJ/vYPo8yc=
charm.land/bubbletea/v2 v2.1.0 h1:A9fj9h5LFrvQhQHFNggp8K8rvY6CUfgn9dMbb6p2HIw=
charm.land/bubbletea/v2 v2.1.0/go.mod h1:xWHeyxIX9/wiFU2kgPW04ojOZyTzrWf+8lGjUCaftiU=
charm.land/lipgloss/v2 v2.0.6 h1:EaGKeuA8FvF+v2BT5VmZd2LoYLaMZJXA5n34th8nCIQ=
charm.land/lipgloss/v2 v2.0.6/go.mod h1:ipDDJNSGa1hlwDtSfW1s2/xR8Vdhbut4PXh2zEKZd0Q=
code.pfad.fr/check v1.1.0 h1:GWvjdzhSEgHvEHe2uJujDcpmZoySKuHQNrZMfzfO0bE=
code.pfad.fr/check v1.1.0/go.mod h1:NiUH13DtYsb7xp5wll0U4SXx7KhXQVCtRgdC96IPfoM=
github.com/Leadaxe/gvisor-lx v0.0.0-20260805115331-117243aa02fa h1:YxiCbeWCOfhzvIMGtNlWykJNNLMI5+UPd4s0g0fuAJY=
github.com/Leadaxe/gvisor-lx v0.0.0-20260805115331-117243aa02fa/go.mod h1:9O3SQskYuCfdHNvHEsWuEAgoyKEF74PiWp4NsNUia8g=
github.com/Leadaxe/sing-box-lx v1.14.2-lx.6 h1:CYrspGy9006O73ESelEdbmsxlF/xB22Ou9MwmrjGP2U=
github.com/Leadaxe/sing-box-lx v1.14.2-lx.6/go.mod h1:dDsLK4ms2MgOyUn3mks5TT8iM1+bDnSPqZfw3ART2iU=
github.com/Leadaxe/sing-tun-lx v0.0.0-20260924142511-59bb1030175e h1:3znaS19N0B8ktw8VaBod2xXhE1HAEByIt8Acy0rD1nY=
github.com/Leadaxe/sing-tun-lx v0.0.0-20260924142511-59bb1030175e/go.mod h1:3EgPst7agntRO7D6GOsiZ1l9FoqdLeuWmKT5TnWkmf0=
github.com/Leadaxe/wireguard-go-awg2-lx v0.0.0-20260924131658-d0568ce278d0 h1:Do1XQXsuBu+43yJ08kLe7D+Zk7llEgz66wj178EW8z0=
github.com/Leadaxe/wireguard-go-awg2-lx v0.0.0-20260924131658-d0568ce278d0/go.mod h1:er10sELpmzLXq7S7Pbc1Zsbyapcr+/gxNAHKTo6fzVA=
github.com/MakeNowJust/heredoc v1.0.0 h1:cXCdzVdstXyiTqTvfqk9SDHpKNjxuom+DOlyEeQ4pzQ=
github.com/MakeNowJust/heredoc v1.0.0/go.mod h1:mG5amYoWBHf8vpLOuehzbGGw0EHxpZZ6lCpQ4fNJ8LE=
github.com/ajg/form v1.5.1/go.mod h1:uL1WgH+h2mgNtvBq0339dVnzXdBETtL2LeUXaIv25UY=
github.com/ajg/form v1.9.0 h1:S01Z5HQq9ukm7hu1Kd7iWDN+e5mtLo+Xo3Uj+aj2UZc=
github.com/ajg/form v1.9.0/go.mod h1:HL757PzLyNkj5AIfptT6L+iGNeXTlnrr/oDePGc/y7Q=
github.com/andybalholm/brotli v1.2.6 h1:ftYnfj6usCp+UGV5kSJ3+chpMQgU+gJf/AxsUQ52REI=
github.com/andybalholm/brotli v1.2.6/go.mod h1:rzTDkvFWvIrjDXZHkuS16NPggd91W3kUSvPlQ1pLaKY=
github.com/anytls/sing-anytls v0.0.13 h1:FL+krjOmwpYYLpl5rrV/BrzDMfxbi05YgIQh+NAA37c=
github.com/anytls/sing-anytls v0.0.13/go.mod h1:7rjN6IukwysmdusYsrV51Fgu1uW6vsrdd6ctjnEAln8=
github.com/atotto/clipboard v0.1.4 h1:EH0zSVneZPSuFR11BlR9YppQTVDbh5+16AmcJi4g1z4=
github.com/atotto/clipboard v0.1.4/go.mod h1:ZY9tmq7sm5xIbd9bOK4onWV4S6X0u6GY7Vn0Yu86PYI=
github.com/aymanbagabas/go-udiff v0.4.1 h1:OEIrQ8maEeDBXQDoGCbbTTXYJMYRCRO1fnodZ12Gv5o=
github.com/aymanbagabas/go-udiff v0.4.1/go.mod h1:0L9PGwj20lrtmEMeyw4WKJ/TMyDtvAoK9bf2u/mNo3w=
github.com/caddyserver/certmagic v0.25.6 h1:vHMtFSLKTa6kuZz6w0SnRMpQ388tSkww8ye355BgAM4=
github.com/caddyserver/certmagic v0.25.6/go.mod h1:xq6cRNimqW+Tv91XNc5lNHs2XYTsLhQhYiH01H4AySs=
github.com/caddyserver/zerossl v0.1.6 h1:1yrhTx5DWi43wOJPQ+Y4mVl++EPmSqqT/4REW//lsas=
github.com/caddyserver/zerossl v0.1.6/go.mod h1:CxA0acn7oEGO6//4rtrRjYgEoa4MFw/XofZnrYwGqG4=
github.com/charmbracelet/colorprofile v0.4.3 h1:QPa1IWkYI+AOB+fE+mg/5/4HRMZcaXex9t5KX76i20Q=
github.com/charmbracelet/colorprofile v0.4.3/go.mod h1:/zT4BhpD5aGFpqQQqw7a+VtHCzu+zrQtt1zhMt9mR4Q=
github.com/charmbracelet/ultraviolet v0.0.0-20261008173134-6b8d4baf91b4 h1:hISLzUbwcvJbGoNR6A3L/TpguRRnACBmZOee8LcHLJw=
github.com/charmbracelet/ultraviolet v0.0.0-20261008173134-6b8d4baf91b4/go.mod h1:aJDVk+WOVM1K04rdc/71PMPoUGfjxjhvXfP3Pjz1Zio=
github.com/charmbracelet/x/ansi v0.11.9 h1:kIrqLBxtTVbLyyHO2Evoi93EjQo1mylWmpNEsfPxXAM=
github.com/charmbracelet/x/ansi v0.11.9/go.mod h1:DG/hpOnaI2QJ/KMMqLL2h0KVhluuJLazf8973P+Vy5w=
github.com/charmbracelet/x/exp/golden v0.0.0-20250806222409-83e3a29d542f h1:pk6gmGpCE7F3FcjaOEKYriCvpmIN4+6OS/RD0vm4uIA=
github.com/charmbracelet/x/exp/golden v0.0.0-20250806222409-83e3a29d542f/go.mod h1:IfZAMTHB6XkZSeXUqriemErjAWCCzT0LwjKFYCZyw0I=
github.com/charmbracelet/x/term v0.2.2 h1:xVRT/S2ZcKdhhOuSP4t5cLi5o+JxklsoEObBSgfgZRk=
github.com/charmbracelet/x/term v0.2.2/go.mod h1:kF8CY5RddLWrsgVwpw4kAa6TESp6EB5y3uxGLeCqzAI=
github.com/charmbracelet/x/termios v0.1.1 h1:o3Q2bT8eqzGnGPOYheoYS8eEleT5ZVNYNy8JawjaNZY=
github.com/charmbracelet/x/termios v0.1.1/go.mod h1:rB7fnv1TgOPOyyKRJ9o+AsTU/vK5WHJ2ivHeut/Pcwo=
github.com/charmbracelet/x/windows v0.2.2 h1:IofanmuvaxnKHuV04sC0eBy/smG6kIKrWG2/jYn2GuM=
github.com/charmbracelet/x/windows v0.2.2/go.mod h1:/8XtdKZzedat74NQFn0NGlGL4soHB0YQZrETF96h75k=
github.com/cilium/ebpf v0.12.3 h1:8ht6F9MquybnY97at+VDZb3eQQr8ev79RueWeVaEcG4=
github.com/cilium/ebpf v0.12.3/go.mod h1:TctK1ivibvI3znr66ljgi4hqOT8EYQjz1KWBfb1UVgM=
github.com/clipperhouse/displaywidth v0.11.0 h1:lBc6kY44VFw+TDx4I8opi/EtL9m20WSEFgwIwO+UVM8=
github.com/clipperhouse/displaywidth v0.11.0/go.mod h1:bkrFNkf81G8HyVqmKGxsPufD3JhNl3dSqnGhOoSD/o0=
github.com/clipperhouse/uax29/v2 v2.7.0 h1:+gs4oBZ2gPfVrKPthwbMzWZDaAFPGYK72F0NJv2v7Vk=
github.com/clipperhouse/uax29/v2 v2.7.0/go.mod h1:EFJ2TJMRUaplDxHKj1qAEhCtQPW2tJSwu5BF98AuoVM=
github.com/cpuguy83/go-md2man/v2 v2.0.6/go.mod h1:oOW0eioCTA6cOiMLiUPZOpcVxMig6NIQQ7OS05n1F4g=
github.com/creack/pty v1.1.9/go.mod h1:oKZEueFk5CKHvIhNR5MUki03XCEU+Q6VDXinZuGJ33E=
github.com/database64128/netx-go v0.1.1 h1:dT5LG7Gs7zFZBthFBbzWE6K8wAHjSNAaK7wCYZT7NzM=
github.com/database64128/netx-go v0.1.1/go.mod h1:LNlYVipaYkQArRFDNNJ02VkNV+My9A5XR/IGS7sIBQc=
github.com/database64128/tfo-go/v2 v2.4.1 h1:vTMWWW5zODGy8JWYRSPsAPp4DaJWPerBQ2fY/gEhpEY=
github.com/database64128/tfo-go/v2 v2.4.1/go.mod h1:748Yw337v3+RMTbvBqu2wYWN70D8QemftOPbdRT7Eec=
github.com/florianl/go-nfqueue/v2 v2.1.0 h1:Fywt30TY/evxyDySpXjxQ1jsRW7nQbLpOhELqpr4068=
github.com/florianl/go-nfqueue/v2 v2.1.0/go.mod h1:8PKUM5rYoVFO5IZV1bifx4/b0jHAglKkHXr9PRwzi4Y=
github.com/fsnotify/fsnotify v1.10.1 h1:b0/UzAf9yR5rhf3RPm9gf3ehBPpf0oZKIjtpKrx59Ho=
github.com/fsnotify/fsnotify v1.10.1/go.mod h1:TLheqan6HD6GBK6PrDWyDPBaEV8LspOxvPSjC+bVfgo=
github.com/go-chi/chi/v5 v5.3.2 h1:5YQkICvTCSZ25hoRsyJazN0scjzKGiu4VAUc7H1o1nY=
github.com/go-chi/chi/v5 v5.3.2/go.mod h1:R+tYY2hNuVUUjxoPtqUdgBqevM9s9njzkTLutVsOCto=
github.com/go-chi/render v1.0.3 h1:AsXqd2a1/INaIfUSKq3G5uA8weYx20FOsM7uSoCyyt4=
github.com/go-chi/render v1.0.3/go.mod h1:/gr3hVkmYR0YlEy3LxCuVRFzEu9Ruok+gFqbIofjao0=
github.com/go-jose/go-jose/v4 v4.1.4 h1:moDMcTHmvE6Groj34emNPLs/qtYXRVcd6S7NHbHz3kA=
github.com/go-jose/go-jose/v4 v4.1.4/go.mod h1:x4oUasVrzR7071A4TnHLGSPpNOm2a21K9Kf04k1rs08=
github.com/go-ole/go-ole v1.3.0 h1:Dt6ye7+vXGIKZ7Xtk4s6/xVdGDQynvom7xCFEdWr6uE=
github.com/go-ole/go-ole v1.3.0/go.mod h1:5LS6F96DhAwUc7C+1HLexzMXY1xGRSryjyPPKW6zv78=
github.com/gobwas/httphead v0.1.0 h1:exrUm0f4YX0L7EBwZHuCF4GDp8aJfVeBrlLQrs6NqWU=
github.com/gobwas/httphead v0.1.0/go.mod h1:O/RXo79gxV8G+RqlR/otEwx4Q36zl9rqC5u12GKvMCM=
github.com/gobwas/pool v0.2.1 h1:xfeeEhW7pwmX8nuLVlqbzVc7udMDrwetjEv+TZIz1og=
github.com/gobwas/pool v0.2.1/go.mod h1:q8bcK0KcYlCgd9e7WYLm9LpyS+YeLd8JVDW6WezmKEw=
github.com/godbus/dbus/v5 v5.2.2 h1:TUR3TgtSVDmjiXOgAAyaZbYmIeP3DPkld3jgKGV8mXQ=
github.com/godbus/dbus/v5 v5.2.2/go.mod h1:3AAv2+hPq5rdnr5txxxRwiGjPXamgoIHgz9FPBfOp3c=
github.com/gofrs/uuid/v5 v5.5.1 h1:z1Ce19/JwNidXpy3tOQc3241lnJLKdKyq/xlNvlD4Ng=
github.com/gofrs/uuid/v5 v5.5.1/go.mod h1:bbAA98EoIlxyRHIVg6ektCSsZ5n8mSbwgEhvhMYlZgg=
github.com/golang/protobuf v1.5.4 h1:i7eJL8qZTpSEXOPTxNKhASYpMn+8e5Q6AdndVa1dWek=
github.com/golang/protobuf v1.5.4/go.mod h1:lnTiLA8Wa4RWRcIUkrtSVa5nRhsEGBg48fD6rSs7xps=
github.com/google/btree v1.1.3 h1:CVpQJjYgC4VbzxeGVHfvZrv1ctoYCAI8vbl07Fcxlyg=
github.com/google/btree v1.1.3/go.mod h1:qOPhT0dTNdNzV6Z/lhRX0YXUafgPLFUh+gZMl761Gm4=
github.com/google/go-cmp v0.7.0 h1:wk8382ETsv4JYUZwIsn6YpYiWiBsYLSJiTsyBybVuN8=
github.com/google/go-cmp v0.7.0/go.mod h1:pXiqmnSA92OHEEa9HXL2W4E7lf9JzCmGVUdgjX3N/iU=
github.com/hashicorp/yamux v0.1.2 h1:XtB8kyFOyHXYVFnwT5C3+Bdo8gArse7j2AQ0DA0Uey8=
github.com/hashicorp/yamux v0.1.2/go.mod h1:C+zze2n6e/7wshOZep2A70/aQU6QBRWJO/G6FT1wIns=
github.com/huin/goupnp v1.3.0 h1:UvLUlWDNpoUdYzb2TCn+MuTWtcjXKSza2n6CBdQ0xXc=
github.com/huin/goupnp v1.3.0/go.mod h1:gnGPsThkYa7bFi/KWmEysQRf48l2dvR5bxr2OFckNX8=
github.com/inconshreveable/mousetrap v1.1.0 h1:wN+x4NVGpMsO7ErUn/mUI3vEoE6Jt13X2s0bqwp9tc8=
github.com/inconshreveable/mousetrap v1.1.0/go.mod h1:vpF70FUmC8bwa3OWnCshd2FqLfsEA9PFc4w1p2J65bw=
github.com/jackpal/go-nat-pmp v1.1.0 h1:UInMLPV1VQdP860ggNiz0YxGvJH/bWzxL099y+1EdCs=
github.com/jackpal/go-nat-pmp v1.1.0/go.mod h1:m9o4DK1wHA4h2pPpErD5vwzWLf91tJcfNQ3QyUIbh5A=
github.com/jsimonetti/rtnetlink v1.4.2 h1:Df9w9TZ3npHTyDn0Ev9e1uzmN2odmXd0QX+J5GTEn90=
github.com/jsimonetti/rtnetlink v1.4.2/go.mod h1:92s6LJdE+1iOrw+F2/RO7LYI2Qd8pPpFNNUYW06gcoM=
github.com/jsimonetti/rtnetlink/v2 v2.2.0 h1:/KfZ310gOAFrXXol5VwnFEt+ucldD/0dsSRZwpHCP9w=
github.com/jsimonetti/rtnetlink/v2 v2.2.0/go.mod h1:lbjDHxC+5RJ08lzPeA90Ls2pEoId3F08MoEMlhfHxeI=
github.com/klauspost/compress v1.20.1 h1:T7kKElXUMXrUJ2E9QhQhxFtcK5rPyLdsGZvdbLMPdiQ=
github.com/klauspost/compress v1.20.1/go.mod h1:LUdAzn7YLVvxLpc7y3V1m40wESHTgc1422pwwBSKYuI=
github.com/klauspost/cpuid/v2 v2.4.0 h1:S6Hrbc7+ywsr0r+RLapfGBHfyefhCTwEh3A0tV913Dw=
github.com/klauspost/cpuid/v2 v2.4.0/go.mod h1:19jmZ9mjzoF//ddRSUsv0zfBTJWh3QJh9FNxZTMrGxU=
github.com/koron/go-ssdp v0.9.1 h1:zvxbAAuJftJIZ8Jh8mda+LI7V92hYZf/sKprmOxpxwA=
github.com/koron/go-ssdp v0.9.1/go.mod h1:C43c047jWkDaeg9YuZlSh/QGqOieuWV6dbhWi/jcaLk=
github.com/kr/pretty v0.2.1/go.mod h1:ipq/a2n7PKx3OHsz4KJII5eveXtPO4qwEXGdVfWzfnI=
github.com/kr/pretty v0.3.1 h1:flRD4NNwYAUpkphVc1HcthR4KEIFJ65n8Mw5qdRn3LE=
github.com/kr/pretty v0.3.1/go.mod h1:hoEshYVHaxMs3cyo3Yncou5ZscifuDolrwPKZanG3xk=
github.com/kr/pty v1.1.1/go.mod h1:pFQYn66WHrOpPYNljwOMqo10TkYh1fy3cYio2l3bCsQ=
github.com/kr/text v0.1.0/go.mod h1:4Jbv+DJW3UT/LiOwJeYQe1efqtUx/iVham/4vfdArNI=
github.com/kr/text v0.2.0 h1:5Nx0Ya0ZqY2ygV366QzturHI13Jq95ApcVaJBhpS+AY=
github.com/kr/text v0.2.0/go.mod h1:eLer722TekiGuMkidMxC/pM04lWEeraHUUmBw8l2grE=
github.com/letsencrypt/challtestsrv v1.4.2 h1:0ON3ldMhZyWlfVNYYpFuWRTmZNnyfiL9Hh5YzC3JVwU=
github.com/letsencrypt/challtestsrv v1.4.2/go.mod h1:GhqMqcSoeGpYd5zX5TgwA6er/1MbWzx/o7yuuVya+Wk=
github.com/letsencrypt/pebble/v2 v2.10.1 h1:oKHx3lgN4e5Nno2LKTMrVx+b+NkDptkO9aDireiBDGE=
github.com/letsencrypt/pebble/v2 v2.10.1/go.mod h1:KtYhQ4YTjT5MtoCZ6RTCXlbrrz6cKyXROCuTpIUDJFY=
github.com/libdns/acmedns v0.5.0 h1:5pRtmUj4Lb/QkNJSl1xgOGBUJTWW7RjpNaIhjpDXjPE=
github.com/libdns/acmedns v0.5.0/go.mod h1:X7UAFP1Ep9NpTwWpVlrZzJLR7epynAy0wrIxSPFgKjQ=
github.com/libdns/alidns v1.0.7 h1:0BhTUFlWIUyb5U7wujGqsyoeZkleUR/hMCtdZDS8Oc8=
github.com/libdns/alidns v1.0.7/go.mod h1:RECwyQ88e9VqQVtSrvX76o1ux3gQUKGzMgxICi+u7Ec=
github.com/libdns/cloudflare v0.2.2 h1:XWHv+C1dDcApqazlh08Q6pjytYLgR2a+Y3xrXFu0vsI=
github.com/libdns/cloudflare v0.2.2/go.mod h1:w9uTmRCDlAoafAsTPnn2nJ0XHK/eaUMh86DUk8BWi60=
github.com/libdns/libdns v1.1.1 h1:wPrHrXILoSHKWJKGd0EiAVmiJbFShguILTg9leS/P/U=
github.com/libdns/libdns v1.1.1/go.mod h1:4Bj9+5CQiNMVGf87wjX4CY3HQJypUHRuLvlsfsZqLWQ=
github.com/libp2p/go-nat v1.0.1-0.20250821073202-01afc089f138 h1:YohuNPT/1k3VcThCQlBZ43PCPWPfMRS1zcxWBF2SLK8=
github.com/libp2p/go-nat v1.0.1-0.20250821073202-01afc089f138/go.mod h1:TXQg5tfSy+bUjnhT5728j5j/MBj7keIYqqZ1+8k/ui8=
github.com/libp2p/go-netroute v0.4.0 h1:sZZx9hyANYUx9PZyqcgE/E1GUG3iEtTZHUEvdtXT7/Q=
github.com/libp2p/go-netroute v0.4.0/go.mod h1:Nkd5ShYgSMS5MUKy/MU2T57xFoOKvvLR92Lic48LEyA=
github.com/logrusorgru/aurora v2.0.3+incompatible h1:tOpm7WcpBTn4fjmVfgpQq0EfczGlG91VSDkswnjF5A8=
github.com/logrusorgru/aurora v2.0.3+incompatible/go.mod h1:7rIyQOR62GCctdiQpZ/zOJlFyk6y+94wXzv6RNZgaR4=
github.com/lucasb-eyer/go-colorful v1.4.1 h1:1EO+WB73+EH8EVbzlrG3KLAfEypQWVHIBqlTf+2hNss=
github.com/lucasb-eyer/go-colorful v1.4.1/go.mod h1:R4dSotOR9KMtayYi1e77YzuveK+i7ruzyGqttikkLy0=
github.com/mattn/go-runewidth v0.0.31 h1:1oCV4ReTlosDBc6rYRw5cL8S/4y8iv5oRl4SJ5IBgwo=
github.com/mattn/go-runewidth v0.0.31/go.mod h1:3qAiGCV4Koz/yuveO58qUefmUTRm8r0IGEXZ9jeHp/8=
github.com/mdlayher/netlink v1.11.2 h1:HKh2jqe+omdSWcQ88nrT7INE61B0NXfiSPFdgL4YbNI=
github.com/mdlayher/netlink v1.11.2/go.mod h1:uT2Yc/QLaZubzDpZIBi9d4GoeLwtp3x1AMeqSRrK2sA=
github.com/mdlayher/socket v0.7.0 h1:qVREPVwtUMg17pwvveQxpurq0PVisMxi3FGgpsorMYQ=
github.com/mdlayher/socket v0.7.0/go.mod h1:f7iKql2EK/rfsWYDKofKjk2Ig7I+6HQWdMIdn1tO4A4=
github.com/metacubex/utls v1.8.8 h1:7fiMYahL+tT1I/vG1MWidv88r/3A5NnPrurjzApZGyQ=
github.com/metacubex/utls v1.8.8/go.mod h1:kncGGVhFaoGn5M3pFe3SXhZCzsbCJayNOH4UEqTKTko=
github.com/mholt/acmez/v3 v3.1.7 h1:XTqpuUcRdRoIBuDoI+M4mCnRnPTPN4rqH3Mb723Rg4U=
github.com/mholt/acmez/v3 v3.1.7/go.mod h1:Lwv6P/czh/AOq+c99tAzP68/VP92s+8y+hDs4FCgxvo=
github.com/miekg/dns v1.1.73 h1:uhT8nJxmTrPJYClxVxTCX+CVn6qnzSiybRk72Z6DgrE=
github.com/miekg/dns v1.1.73/go.mod h1:RW2Obtfd5NZHvOFe3zYG0W8koWOQtAzyHaLo8vASBuQ=
github.com/muesli/cancelreader v0.2.2 h1:3I4Kt4BQjOR54NavqnDogx/MIoWBFa0StPA8ELUXHmA=
github.com/muesli/cancelreader v0.2.2/go.mod h1:3XuTXfFS2VjM+HTLZY9Ak0l6eUKfijIfMUZ4EgX0QYo=
github.com/pkg/diff v0.0.0-20210226163009-20ebb0f2a09e/go.mod h1:pJLUxLENpZxwdsKMEsNbx1VGcRFpLqf3715MtcvvzbA=
github.com/quic-go/qpack v0.6.0 h1:g7W+BMYynC1LbYLSqRt8PBg5Tgwxn214ZZR34VIOjz8=
github.com/quic-go/qpack v0.6.0/go.mod h1:lUpLKChi8njB4ty2bFLX2x4gzDqXwUpaO1DP9qMDZII=
github.com/rivo/uniseg v0.4.7 h1:WUdvkW8uEhrYfLC4ZzdpI2ztxP1I582+49Oc5Mq64VQ=
github.com/rivo/uniseg v0.4.7/go.mod h1:FN3SvrM+Zdj16jyLfmOkMNblXMcoc8DfTHruCPUcx88=
github.com/rogpeppe/go-internal v1.9.0/go.mod h1:WtVeX8xhTBvf0smdhujwtBcq4Qrzq/fJaraNFVN+nFs=
github.com/rogpeppe/go-internal v1.16.0 h1:O9DK+vNMDVGLr2BeZqmpLeMjiMNkuXfcqntWbZV6S5g=
github.com/rogpeppe/go-internal v1.16.0/go.mod h1:DrUVZyrJU+txYW5/1kwtXQSMFio52ZOxX7yM1VHvnxs=
github.com/russross/blackfriday/v2 v2.1.0/go.mod h1:+Rmxgy9KzJVeS9/2gXHxylqXiyQDYRxCVz55jmeOWTM=
github.com/sagernet/bbolt v0.0.0-20260915102804-500ee1e84832 h1:KDXMGbzqLmDdKcld0T3wuMuqf1iezZq+DemgtZ/vhtQ=
github.com/sagernet/bbolt v0.0.0-20260915102804-500ee1e84832/go.mod h1:7/qFPFH5fqK5XQeY8EA1Qpaly08Av77p38Zt50ieQww=
github.com/sagernet/fswatch v0.1.2 h1:/TT7k4mkce1qFPxamLO842WjqBgbTBiXP2mlUjp9PFk=
github.com/sagernet/fswatch v0.1.2/go.mod h1:5BpGmpUQVd3Mc5r313HRpvADHRg3/rKn5QbwFteB880=
github.com/sagernet/netlink v0.0.0-20260919000536-5d76abd97cf7 h1:rTZASvaLWld/a+eLjIqBRw7rdkTBYA8gFR7XTjipElg=
github.com/sagernet/netlink v0.0.0-20260919000536-5d76abd97cf7/go.mod h1:xLnfdiJbSp8rNqYEdIW/6eDO4mVoogml14Bh2hSiFpM=
github.com/sagernet/nftables v0.3.0-mod.4 h1:vnOtcDYeSXv2e5RoRuGH0lrpttQFJ8iC4ICS2nhlDSo=
github.com/sagernet/nftables v0.3.0-mod.4/go.mod h1:8kslHG4VvYNihcco+i6uxIX7qbT8A56T0y5q7U44ZaQ=
github.com/sagernet/quic-go v0.61.0-sing-box-mod.9 h1:Lojx77uC63TxZO38Z1OSo6aOoBSXY+ueH0/IKKeTZuI=
github.com/sagernet/quic-go v0.61.0-sing-box-mod.9/go.mod h1:hmLC8GJPp+BrpBgrgJnacvI4fZGIhasuy1ROJJ8GR4E=
github.com/sagernet/sing v0.9.6 h1:LXTpEMbr4G/65PSjopjfg+Zp1Xq1ilJnGWq47y/eObI=
github.com/sagernet/sing v0.9.6/go.mod h1:K3Owt3xPhHugvlnlPPxZJ/exXdaJfEPOTNorGk4AXjo=
github.com/sagernet/sing-mux v0.3.9 h1:fhk1tA1OHkDXHedXLanyu/mUepykCXENM9s6sEymo84=
github.com/sagernet/sing-mux v0.3.9/go.mod h1:jricpwCOndDsTEM1TM3piJvhL/2Mm7OhLkm+JadJJ1Q=
github.com/sagernet/sing-quic v0.7.1 h1:ok17FkP6sqq6Fzwe3tJ+M49rW2rKo0Qo/FWaLfU5d0Y=
github.com/sagernet/sing-quic v0.7.1/go.mod h1:rJFeVxbEej2iuyeCJ3drKW+p5rOgtLIW3XhZ6ty7Fig=
github.com/sagernet/sing-shadowsocks v0.2.9 h1:Paep5zCszRKsEn8587O0MnhFWKJwDW1Y4zOYYlIxMkM=
github.com/sagernet/sing-shadowsocks v0.2.9/go.mod h1:TE/Z6401Pi8tgr0nBZcM/xawAI6u3F6TTbz4nH/qw+8=
github.com/sagernet/sing-shadowsocks2 v0.2.2 h1:GUN6ttP3NSJL/bFJJZZezp9/o6DQdG9qWyQdRvOy2LY=
github.com/sagernet/sing-shadowsocks2 v0.2.2/go.mod h1:ZAYv1VFjvnMK4QQJltuvoN52biUN76TdNwzyDjSRrzc=
github.com/sagernet/sing-shadowtls v0.2.1 h1:ZiHZdnEnP+YS73NMsxiZmIFCwNd0M4k7PkGCKNXhbaM=
github.com/sagernet/sing-shadowtls v0.2.1/go.mod h1:sWqKnGlMipCHaGsw1sTTlimyUpgzP4WP3pjhCsYt9oA=
github.com/sagernet/sing-usbip v0.0.0-20260817040617-28bd42667eca h1:5wA+IE0Fq1CGVLOgSpm0gKKZ03HzugcJ2JyhmDqeX6A=
github.com/sagernet/sing-usbip v0.0.0-20260817040617-28bd42667eca/go.mod h1:ADAZZU85MnM91XNhd2TdZRTaIbA7RjTZuQ1KCHcUbNg=
github.com/sagernet/sing-vmess v0.2.8 h1:xd5nnDOMlC76RgrLksS4jlk3eMt3c3CvQY3NsjWPWeI=
github.com/sagernet/sing-vmess v0.2.8/go.mod h1:P11scgTxMxVVQ8dlM27yNm3Cro40mD0+gHbnqrNGDuY=
github.com/sagernet/smux v1.5.50-sing-box-mod.1 h1:XkJcivBC9V4wBjiGXIXZ229aZCU1hzcbp6kSkkyQ478=
github.com/sagernet/smux v1.5.50-sing-box-mod.1/go.mod h1:NjhsCEWedJm7eFLyhuBgIEzwfhRmytrUoiLluxs5Sk8=
github.com/sagernet/ws v0.0.0-20231204124109-acfe8907c854 h1:6uUiZcDRnZSAegryaUGwPC/Fj13JSHwiTftrXhMmYOc=
github.com/sagernet/ws v0.0.0-20231204124109-acfe8907c854/go.mod h1:LtfoSK3+NG57tvnVEHgcuBW9ujgE8enPSgzgwStwCAA=
github.com/spf13/cobra v1.10.2 h1:DMTTonx5m65Ic0GOoRY2c16WCbHxOOw6xxezuLaBpcU=
github.com/spf13/cobra v1.10.2/go.mod h1:7C1pvHqHw5A4vrJfjNwvOdzYu0Gml16OCs2GRiTUUS4=
github.com/spf13/pflag v1.0.9/go.mod h1:McXfInJRrz4CZXVZOBLb0bTZqETkiAhM9Iw0y3An2Bg=
github.com/spf13/pflag v1.0.10 h1:4EBh2KAYBwaONj6b2Ye1GiHfwjqyROoF4RwYO+vPwFk=
github.com/spf13/pflag v1.0.10/go.mod h1:McXfInJRrz4CZXVZOBLb0bTZqETkiAhM9Iw0y3An2Bg=
github.com/stretchr/testify v1.12.0 h1:K6Mr6jO9JICuend/5xzTM03ydSV3vdNRYAdPSukj8uI=
github.com/stretchr/testify v1.12.0/go.mod h1:bOYBZb5qJ00vPzWfIqBUZPaxK8jWiXc6d3ErP4Ca9Gw=
github.com/vishvananda/netns v0.0.5 h1:DfiHV+j8bA32MFM7bfEunvT8IAqQ/NzSJHtcmW5zdEY=
github.com/vishvananda/netns v0.0.5/go.mod h1:SpkAiCQRtJ6TvvxPnOSyH3BMl6unz3xZlaprSwhNNJM=
github.com/xo/terminfo v1.2.0 h1:d0ZTOCpuGE0lwSAOs0zcJjwz3jWQyqcRt9XbGJpCOl4=
github.com/xo/terminfo v1.2.0/go.mod h1:lGzkSo8Fe7IRh/w+Gqz7n5mDog4FVXCj3gy/DYTBqio=
github.com/xyproto/randomstring v1.0.5 h1:YtlWPoRdgMu3NZtP45drfy1GKoojuR7hmRcnhZqKjWU=
github.com/xyproto/randomstring v1.0.5/go.mod h1:rgmS5DeNXLivK7YprL0pY+lTuhNQW3iGxZ18UQApw/E=
github.com/zeebo/assert v1.1.0 h1:hU1L1vLTHsnO8x8c9KAR5GmM5QscxHg5RNU5z5qbUWY=
github.com/zeebo/assert v1.1.0/go.mod h1:Pq9JiuJQpG8JLJdtkwrJESF0Foym2/D9XMU5ciN/wJ0=
github.com/zeebo/blake3 v0.2.4 h1:KYQPkhpRtcqh0ssGYcKLG1JYvddkEA8QwCM/yBqhaZI=
github.com/zeebo/blake3 v0.2.4/go.mod h1:7eeQ6d2iXWRGF6npfaxl2CU+xy2Fjo2gxeyZGCRUjcE=
github.com/zeebo/pcg v1.0.1 h1:lyqfGeWiv4ahac6ttHs+I5hwtH/+1mrhlCtVNQM2kHo=
github.com/zeebo/pcg v1.0.1/go.mod h1:09F0S9iiKrwn9rlI5yjLkmrug154/YRW6KnnXVDM/l4=
go.uber.org/goleak v1.3.0 h1:2K3zAYmnTNqV73imy9J1T3WC+gmCePx2hEGkimedGto=
go.uber.org/goleak v1.3.0/go.mod h1:CoHD4mav9JJNrW/WLlf7HGZPjdw8EucARQHekz1X6bE=
go.uber.org/multierr v1.11.0 h1:blXXJkSxSSfBVBlC76pxqeO+LN3aDfLQo+309xJstO0=
go.uber.org/multierr v1.11.0/go.mod h1:20+QtiLqy0Nd6FdQB9TLXag12DsQkrbs3htMFfDN80Y=
go.uber.org/zap v1.28.0 h1:IZzaP1Fv73/T/pBMLk4VutPl36uNC+OSUh3JLG3FIjo=
go.uber.org/zap v1.28.0/go.mod h1:rDLpOi171uODNm/mxFcuYWxDsqWSAVkFdX4XojSKg/Q=
go.uber.org/zap/exp v0.3.0 h1:6JYzdifzYkGmTdRR59oYH+Ng7k49H9qVpWwNSsGJj3U=
go.uber.org/zap/exp v0.3.0/go.mod h1:5I384qq7XGxYyByIhHm6jg5CHkGY0nsTfbDLgDDlgJQ=
go.yaml.in/yaml/v3 v3.0.4 h1:tfq32ie2Jv2UxXFdLJdh3jXuOzWiL1fo0bu/FbuKpbc=
go.yaml.in/yaml/v3 v3.0.4/go.mod h1:DhzuOOF2ATzADvBadXxruRBLzYTpT36CKvDb3+aBEFg=
go4.org/netipx v0.0.0-20260823151212-3075585bcbeb h1:XBM4hvfwGAttkkiTIFfeigdfcL1xIfdKXqFdgiHGtDs=
go4.org/netipx v0.0.0-20260823151212-3075585bcbeb/go.mod h1:PLyyIXexvUFg3Owu6p/WfdlivPbZJsZdgWZlrGope/Y=
golang.org/x/crypto v0.57.0 h1:3ZVCjf8Ggz7zneR/EHRVx68Ctf+2pmIMP2UFhh9cC6M=
golang.org/x/crypto v0.57.0/go.mod h1:Fdz0i5U6CoizGwLda9DttjSk6qlZo25zYNtR+ycvuZA=
golang.org/x/exp v0.0.0-20261007192929-f45ad48fbe92 h1:kc+Gi2MFkd0KWtdDlVxVwjw4KB98/77usJDFj+6YFQ8=
golang.org/x/exp v0.0.0-20261007192929-f45ad48fbe92/go.mod h1:SRjTzy5WcYqRRqquLUvHeeovSwLO0CZ3xcltZNO4Fck=
golang.org/x/mod v0.41.0 h1:qJmnOUb4YB+FsEuM3HcWucdZASCPGhsX6uljO6pog0c=
golang.org/x/mod v0.41.0/go.mod h1:Ek9pY8RKWXwsWvd3rQiHYtMqkjSUV+s1Rj7j4H5Ur6o=
golang.org/x/net v0.60.0 h1:79p50tfZlm0J9YfoDsSi639qSXNGVwEzOPLCxM2FsYU=
golang.org/x/net v0.60.0/go.mod h1:2DA/G1UfVbCpQPeWTmMPGY7Cs2PkBkwu743bVX5PIVg=
golang.org/x/sync v0.0.0-20210220032951-036812b2e83c/go.mod h1:RxMgew5VJxzue5/jJTE5uejpjVlOe/izrB70Jof72aM=
golang.org/x/sync v0.24.0 h1:iqiDrGoDgyuvAKrhLQthUEzU/R378N78gXbBjxed7oA=
golang.org/x/sync v0.24.0/go.mod h1:sUUOizhqBxiL6pEWpqNLUiaJn1ShEbZ6BBqskPbjZm0=
golang.org/x/sys v0.1.0/go.mod h1:oPkhp1MJrh7nUepCBck5+mAzfO9JrbApNNgaTdGDITg=
golang.org/x/sys v0.6.0/go.mod h1:oPkhp1MJrh7nUepCBck5+mAzfO9JrbApNNgaTdGDITg=
golang.org/x/sys v0.49.0 h1:XbzkgYJHdqh/8m2Uu0W/dQv8nktxx4BFHp1M0gROTXA=
golang.org/x/sys v0.49.0/go.mod h1:hNLxWAXmnKAxqDtdwIYC4bM9oQPEecfsnNMuSxOs3og=
golang.org/x/term v0.46.0 h1:3+OXuTbaKDgwk8jTi3aSLHRlmWqHEUDUtxnbFigO4YE=
golang.org/x/term v0.46.0/go.mod h1:+K02xbkittuwc0Am4abfA3Fc+XRGXkvBXNO88NCXPoc=
golang.org/x/text v0.42.0 h1:JbOZXgfeCPU9gacVtYliJqOhD+zhrEqK4LfdpmlUZqI=
golang.org/x/text v0.42.0/go.mod h1:ojzP1Z+2QtioaF8DTtO8K5q7JWVVYwZKenzujK0Zd0E=
golang.org/x/time v0.16.0 h1:vMb6ptszcQMkcwiRTAuNNU50gom6++Q/6gY2hDM6VDE=
golang.org/x/time v0.16.0/go.mod h1:rVKOqvZeKvrDKTQiAHJ7wmwP0RzleSphoEA9RcdLA0s=
golang.zx2c4.com/wintun v0.0.0-20230126152724-0fa3db229ce2 h1:B82qJJgjvYKsXS9jeunTOisW56dUokqW/FOteYJJ/yg=
golang.zx2c4.com/wintun v0.0.0-20230126152724-0fa3db229ce2/go.mod h1:deeaetjYA+DHMHg+sMSMI58GrEteJUUzzw7en6TJQcI=
gonum.org/v1/gonum v0.17.0 h1:VbpOemQlsSMrYmn7T2OUvQ4dqxQXU+ouZFQsZOx50z4=
gonum.org/v1/gonum v0.17.0/go.mod h1:El3tOrEuMpv2UdMrbNlKEh9vd86bmQ6vqIcDwxEOc1E=
google.golang.org/genproto/googleapis/rpc v0.0.0-20261005182115-fad411399dd8 h1:0SXBqli5dnuCKMjI/X3FM226zEaEa0GUcSCJtN1vL2o=
google.golang.org/genproto/googleapis/rpc v0.0.0-20261005182115-fad411399dd8/go.mod h1:OaIUM3+LpYcK2GXM4FTmhWoIq371Owdr+Cc7/BsYHHc=
google.golang.org/grpc v1.84.0 h1:soMyaPJ8pAak5PIQ0DGBUir0XRo2fRoMqhNWMLlLxO0=
google.golang.org/grpc v1.84.0/go.mod h1:ljCht0DrxQrXBDRTZp52Qxh3Ffk8CdYm2sj4O2QN2C0=
google.golang.org/protobuf v1.36.12 h1:pJOKDDOyeXErUroCihFAd5LQuwXBSpVnKGrj5o/fwxc=
google.golang.org/protobuf v1.36.12/go.mod h1:HTf+CrKn2C3g5S8VImy6tdcUvCska2kB7j23XfzDpco=
gopkg.in/check.v1 v0.0.0-20161208181325-20d25e280405/go.mod h1:Co6ibVJAznAaIkqp8huTwlJQCZ016jof/cbN4VW5Yz0=
gopkg.in/check.v1 v1.0.0-20201130134442-10cb98267c6c h1:Hei/4ADfdWqJk1ZMxUNpqntNwaWcugrBjAiHlqqRiVk=
gopkg.in/check.v1 v1.0.0-20201130134442-10cb98267c6c/go.mod h1:JHkPIbrfpd72SG/EVd6muEfDQjcINNoR0C8j2r3qZ4Q=
gopkg.in/yaml.v3 v3.0.1 h1:fxVm/GzAzEWqLHuvctI91KS9hhNmmWOoWu0XTYJS7CA=
gopkg.in/yaml.v3 v3.0.1/go.mod h1:K4uyk7z7BCEPqu6E+C64Yfv1cQ7kz7rIZviUmN+EgEM=
lukechampine.com/blake3 v1.4.1 h1:I3Smz7gso8w4/TunLKec6K2fn+kyKtDxr/xcQEN84Wg=
lukechampine.com/blake3 v1.4.1/go.mod h1:QFosUxmjB8mnrWFSNwKmvxHpfY72bmD2tQ0kBMM3kwo=
